
Microsoft Visual Studio Solution File, Format Version 12.00
# Visual Studio Version 16
VisualStudioVersion = 16.0.31112.23
MinimumVisualStudioVersion = 10.0.40219.1
Project("{9A19103F-16F7-4668-BE54-9A1E7A4F7556}") = "Entities", "Entities\Entities.csproj", "{4B617CF7-676E-4D6B-A139-B94C94ED7B2E}"
EndProject
Project("{9A19103F-16F7-4668-BE54-9A1E7A4F7556}") = "DataAccess", "DataAccess\DataAccess.csproj", "{6F8155EF-8011-4E1A-8356-292E9FC902FA}"
EndProject
Project("{9A19103F-16F7-4668-BE54-9A1E7A4F7556}") = "Business", "Business\Business.csproj", "{60402030-4138-41FC-8AE0-D2FA1E02C33B}"
EndProject
Project("{9A19103F-16F7-4668-BE54-9A1E7A4F7556}") = "ConsoleUI", "ConsoleUI\ConsoleUI.csproj", "{187FCFA0-C51C-430D-B014-E0EE00A9AE7F}"
EndProject
Project("{FAE04EC0-301F-11D3-BF4B-00C04F79EFBC}") = "Core", "Core\Core.csproj", "{8DEB59C2-204D-439C-BDB2-851ABB9D3522}"
EndProject
Global
	GlobalSection(SolutionConfigurationPlatforms) = preSolution
		Debug|Any CPU = Debug|Any CPU
		Release|Any CPU = Release|Any CPU
	EndGlobalSection
	GlobalSection(ProjectConfigurationPlatforms) = postSolution
		{4B617CF7-676E-4D6B-A139-B94C94ED7B2E}.Debug|Any CPU.ActiveCfg = Debug|Any CPU
		{4B617CF7-676E-4D6B-A139-B94C94ED7B2E}.Debug|Any CPU.Build.0 = Debug|Any CPU
		{4B617CF7-676E-4D6B-A139-B94C94ED7B2E}.Release|Any CPU.ActiveCfg = Release|Any CPU
		{4B617CF7-676E-4D6B-A139-B94C94ED7B2E}.Release|Any CPU.Build.0 = Release|Any CPU
		{6F8155EF-8011-4E1A-8356-292E9FC902FA}.Debug|Any CPU.ActiveCfg = Debug|Any CPU
		{6F8155EF-8011-4E1A-8356-292E9FC902FA}.Debug|Any CPU.Build.0 = Debug|Any CPU
		{6F8155EF-8011-4E1A-8356-292E9FC902FA}.Release|Any CPU.ActiveCfg = Release|Any CPU
		{6F8155EF-8011-4E1A-8356-292E9FC902FA}.Release|Any CPU.Build.0 = Release|Any CPU
		{60402030-4138-41FC-8AE0-D2FA1E02C33B}.Debug|Any CPU.ActiveCfg = Debug|Any CPU
		{60402030-4138-41FC-8AE0-D2FA1E02C33B}.Debug|Any CPU.Build.0 = Debug|Any CPU
		{60402030-4138-41FC-8AE0-D2FA1E02C33B}.Release|Any CPU.ActiveCfg = Release|Any CPU
		{60402030-4138-41FC-8AE0-D2FA1E02C33B}.Release|Any CPU.Build.0 = Release|Any CPU
		{187FCFA0-C51C-430D-B014-E0EE00A9AE7F}.Debug|Any CPU.ActiveCfg = Debug|Any CPU
		{187FCFA0-C51C-430D-B014-E0EE00A9AE7F}.Debug|Any CPU.Build.0 = Debug|Any CPU
		{187FCFA0-C51C-430D-B014-E0EE00A9AE7F}.Release|Any CPU.ActiveCfg = Release|Any CPU
		{187FCFA0-C51C-430D-B014-E0EE00A9AE7F}.Release|Any CPU.Build.0 = Release|Any CPU
		{8DEB59C2-204D-439C-BDB2-851ABB9D3522}.Debug|Any CPU.ActiveCfg = Debug|Any CPU
		{8DEB59C2-204D-439C-BDB2-851ABB9D3522}.Debug|Any CPU.Build.0 = Debug|Any CPU
		{8DEB59C2-204D-439C-BDB2-851ABB9D3522}.Release|Any CPU.ActiveCfg = Release|Any CPU
		{8DEB59C2-204D-439C-BDB2-851ABB9D3522}.Release|Any CPU.Build.0 = Release|Any CPU
	EndGlobalSection
	GlobalSection(SolutionProperties) = preSolution
		HideSolutionNode = FALSE
	EndGlobalSection
	GlobalSection(ExtensibilityGlobals) = postSolution
		SolutionGuid = {4D04738C-EDEC-43A0-A08B-F236D9FC9853}
	EndGlobalSection
EndGlobal
